
Microsoft Visual Studio Solution File, Format Version 12.00
# Visual Studio Version 17
VisualStudioVersion = 17.9.34622.214
MinimumVisualStudioVersion = 10.0.40219.1
Project("{9A19103F-16F7-4668-BE54-9A1E7A4F7556}") = "Factorio.Modding.Api", "src\Factorio.Modding.Api\Factorio.Modding.Api.csproj", "{CE373FAF-640B-495E-ABA7-89BA4ED0F62B}"
EndProject
Project("{9A19103F-16F7-4668-BE54-9A1E7A4F7556}") = "Factorio.Modding.Api.Common", "src\Factorio.Modding.Api.Common\Factorio.Modding.Api.Common.csproj", "{6C6484C9-ECE0-4383-9508-51C07F7EBD99}"
EndProject
Global
	GlobalSection(SolutionConfigurationPlatforms) = preSolution
		Debug|Any CPU = Debug|Any CPU
		Release|Any CPU = Release|Any CPU
	EndGlobalSection
	GlobalSection(ProjectConfigurationPlatforms) = postSolution
		{CE373FAF-640B-495E-ABA7-89BA4ED0F62B}.Debug|Any CPU.ActiveCfg = Debug|Any CPU
		{CE373FAF-640B-495E-ABA7-89BA4ED0F62B}.Debug|Any CPU.Build.0 = Debug|Any CPU
		{CE373FAF-640B-495E-ABA7-89BA4ED0F62B}.Release|Any CPU.ActiveCfg = Release|Any CPU
		{CE373FAF-640B-495E-ABA7-89BA4ED0F62B}.Release|Any CPU.Build.0 = Release|Any CPU
		{6C6484C9-ECE0-4383-9508-51C07F7EBD99}.Debug|Any CPU.ActiveCfg = Debug|Any CPU
		{6C6484C9-ECE0-4383-9508-51C07F7EBD99}.Debug|Any CPU.Build.0 = Debug|Any CPU
		{6C6484C9-ECE0-4383-9508-51C07F7EBD99}.Release|Any CPU.ActiveCfg = Release|Any CPU
		{6C6484C9-ECE0-4383-9508-51C07F7EBD99}.Release|Any CPU.Build.0 = Release|Any CPU
	EndGlobalSection
	GlobalSection(SolutionProperties) = preSolution
		HideSolutionNode = FALSE
	EndGlobalSection
	GlobalSection(ExtensibilityGlobals) = postSolution
		SolutionGuid = {2D620F89-DD81-4F53-A7EB-4722E29A6682}
	EndGlobalSection
EndGlobal
